
Microsoft Visual Studio Solution File, Format Version 12.00
# Visual Studio Version 17
VisualStudioVersion = 17.5.002.0
MinimumVisualStudioVersion = 10.0.40219.1
Project("{9A19103F-16F7-4668-BE54-9A1E7A4F7556}") = "firstproject", "firstproject.csproj", "{13739987-DCB6-406D-B507-3A0E346EC5F2}"
EndProject
Global
	GlobalSection(SolutionConfigurationPlatforms) = preSolution
		Debug|Any CPU = Debug|Any CPU
		Release|Any CPU = Release|Any CPU
	EndGlobalSection
	GlobalSection(ProjectConfigurationPlatforms) = postSolution
		{13739987-DCB6-406D-B507-3A0E346EC5F2}.Debug|Any CPU.ActiveCfg = Debug|Any CPU
		{13739987-DCB6-406D-B507-3A0E346EC5F2}.Debug|Any CPU.Build.0 = Debug|Any CPU
		{13739987-DCB6-406D-B507-3A0E346EC5F2}.Release|Any CPU.ActiveCfg = Release|Any CPU
		{13739987-DCB6-406D-B507-3A0E346EC5F2}.Release|Any CPU.Build.0 = Release|Any CPU
	EndGlobalSection
	GlobalSection(SolutionProperties) = preSolution
		HideSolutionNode = FALSE
	EndGlobalSection
	GlobalSection(ExtensibilityGlobals) = postSolution
		SolutionGuid = {3056AE84-E1A5-403E-A06A-26BC42A1F4BB}
	EndGlobalSection
EndGlobal
